
Microsoft Visual Studio Solution File, Format Version 12.00
# Visual Studio Version 17
VisualStudioVersion = 17.11.35327.3
MinimumVisualStudioVersion = 10.0.40219.1
Project("{FAE04EC0-301F-11D3-BF4B-00C04F79EFBC}") = "OnlineCasino", "OnlineCasino\OnlineCasino.csproj", "{325ECED8-495E-44E7-A18E-9053D6658BE4}"
EndProject
Project("{FAE04EC0-301F-11D3-BF4B-00C04F79EFBC}") = "RouletteGameLibrary", "OnlineCasino\bin\Debug\RouletteGameLibrary\RouletteGameLibrary\RouletteGameLibrary.csproj", "{D84FB5CD-DDA1-4247-BF48-6B70208CC7E4}"
EndProject
Project("{FAE04EC0-301F-11D3-BF4B-00C04F79EFBC}") = "GamesSaverLibrary", "..\CommonLibs\GamesSaver\GamesSaverLibrary\GamesSaverLibrary.csproj", "{CF1FC3E3-175B-428E-9340-79981FE3D875}"
EndProject
Global
	GlobalSection(SolutionConfigurationPlatforms) = preSolution
		Debug|Any CPU = Debug|Any CPU
		Release|Any CPU = Release|Any CPU
	EndGlobalSection
	GlobalSection(ProjectConfigurationPlatforms) = postSolution
		{325ECED8-495E-44E7-A18E-9053D6658BE4}.Debug|Any CPU.ActiveCfg = Debug|Any CPU
		{325ECED8-495E-44E7-A18E-9053D6658BE4}.Debug|Any CPU.Build.0 = Debug|Any CPU
		{325ECED8-495E-44E7-A18E-9053D6658BE4}.Release|Any CPU.ActiveCfg = Release|Any CPU
		{325ECED8-495E-44E7-A18E-9053D6658BE4}.Release|Any CPU.Build.0 = Release|Any CPU
		{D84FB5CD-DDA1-4247-BF48-6B70208CC7E4}.Debug|Any CPU.ActiveCfg = Debug|Any CPU
		{D84FB5CD-DDA1-4247-BF48-6B70208CC7E4}.Debug|Any CPU.Build.0 = Debug|Any CPU
		{D84FB5CD-DDA1-4247-BF48-6B70208CC7E4}.Release|Any CPU.ActiveCfg = Release|Any CPU
		{D84FB5CD-DDA1-4247-BF48-6B70208CC7E4}.Release|Any CPU.Build.0 = Release|Any CPU
		{CF1FC3E3-175B-428E-9340-79981FE3D875}.Debug|Any CPU.ActiveCfg = Debug|Any CPU
		{CF1FC3E3-175B-428E-9340-79981FE3D875}.Debug|Any CPU.Build.0 = Debug|Any CPU
		{CF1FC3E3-175B-428E-9340-79981FE3D875}.Release|Any CPU.ActiveCfg = Release|Any CPU
		{CF1FC3E3-175B-428E-9340-79981FE3D875}.Release|Any CPU.Build.0 = Release|Any CPU
	EndGlobalSection
	GlobalSection(SolutionProperties) = preSolution
		HideSolutionNode = FALSE
	EndGlobalSection
	GlobalSection(ExtensibilityGlobals) = postSolution
		SolutionGuid = {68443C7D-8B3E-455B-86CB-D489B74E637F}
	EndGlobalSection
EndGlobal
